
Microsoft Visual Studio Solution File, Format Version 12.00
# Visual Studio Version 16
VisualStudioVersion = 16.0.31205.134
MinimumVisualStudioVersion = 10.0.40219.1
Project("{9A19103F-16F7-4668-BE54-9A1E7A4F7556}") = "MeFit", "MeFit\MeFit.csproj", "{68611DC5-2535-42BB-81D5-FB04E293A46A}"
EndProject
Global
	GlobalSection(SolutionConfigurationPlatforms) = preSolution
		Debug|Any CPU = Debug|Any CPU
		Release|Any CPU = Release|Any CPU
	EndGlobalSection
	GlobalSection(ProjectConfigurationPlatforms) = postSolution
		{68611DC5-2535-42BB-81D5-FB04E293A46A}.Debug|Any CPU.ActiveCfg = Debug|Any CPU
		{68611DC5-2535-42BB-81D5-FB04E293A46A}.Debug|Any CPU.Build.0 = Debug|Any CPU
		{68611DC5-2535-42BB-81D5-FB04E293A46A}.Release|Any CPU.ActiveCfg = Release|Any CPU
		{68611DC5-2535-42BB-81D5-FB04E293A46A}.Release|Any CPU.Build.0 = Release|Any CPU
	EndGlobalSection
	GlobalSection(SolutionProperties) = preSolution
		HideSolutionNode = FALSE
	EndGlobalSection
	GlobalSection(ExtensibilityGlobals) = postSolution
		SolutionGuid = {90337DCE-5B25-4737-B516-7DCF37D13A59}
	EndGlobalSection
EndGlobal
